// !$*UTF8*$!
{
	archiveVersion = 1;
	classes = {
	};
	objectVersion = 56;
	objects = {

/* Begin PBXBuildFile section */
		D20EA83A2A26E62200760EB8 /* PalettePersistenceManager.swift in Sources */ = {isa = PBXBuildFile; fileRef = D20EA8392A26E62200760EB8 /* PalettePersistenceManager.swift */; };
		D20EA83C2A27B55900760EB8 /* SavedPalettesVC.swift in Sources */ = {isa = PBXBuildFile; fileRef = D20EA83B2A27B55900760EB8 /* SavedPalettesVC.swift */; };
		D20EA8402A283A6800760EB8 /* SavedColorsVC.swift in Sources */ = {isa = PBXBuildFile; fileRef = D20EA83F2A283A6800760EB8 /* SavedColorsVC.swift */; };
		D20EA8422A2845D600760EB8 /* ColorPersistenceManager.swift in Sources */ = {isa = PBXBuildFile; fileRef = D20EA8412A2845D600760EB8 /* ColorPersistenceManager.swift */; };
		D20EA8482A2A899000760EB8 /* SelectState.swift in Sources */ = {isa = PBXBuildFile; fileRef = D20EA8472A2A899000760EB8 /* SelectState.swift */; };
		D242DF9C2A1ADCFB00E27350 /* GenerateButton.swift in Sources */ = {isa = PBXBuildFile; fileRef = D242DF9B2A1ADCFB00E27350 /* GenerateButton.swift */; };
		D242DF9F2A1AE5C200E27350 /* RGB.swift in Sources */ = {isa = PBXBuildFile; fileRef = D242DF9E2A1AE5C200E27350 /* RGB.swift */; };
		D242DFA32A1AF2C900E27350 /* ColorRowVC.swift in Sources */ = {isa = PBXBuildFile; fileRef = D242DFA22A1AF2C900E27350 /* ColorRowVC.swift */; };
		D242DFA52A1AF73600E27350 /* ColorRowLabel.swift in Sources */ = {isa = PBXBuildFile; fileRef = D242DFA42A1AF73600E27350 /* ColorRowLabel.swift */; };
		D242DFA72A1AF97900E27350 /* UIView+Ext.swift in Sources */ = {isa = PBXBuildFile; fileRef = D242DFA62A1AF97900E27350 /* UIView+Ext.swift */; };
		D242DFA92A1B23B100E27350 /* LockButton.swift in Sources */ = {isa = PBXBuildFile; fileRef = D242DFA82A1B23B100E27350 /* LockButton.swift */; };
		D242DFAC2A1B311400E27350 /* Functions.swift in Sources */ = {isa = PBXBuildFile; fileRef = D242DFAB2A1B311400E27350 /* Functions.swift */; };
		D242DFB02A1C49F000E27350 /* ColorStack.swift in Sources */ = {isa = PBXBuildFile; fileRef = D242DFAF2A1C49F000E27350 /* ColorStack.swift */; };
		D242DFB22A1C4C8500E27350 /* StackButton.swift in Sources */ = {isa = PBXBuildFile; fileRef = D242DFB12A1C4C8500E27350 /* StackButton.swift */; };
		D242DFB82A1D3E7A00E27350 /* ColorPickerVC.swift in Sources */ = {isa = PBXBuildFile; fileRef = D242DFB72A1D3E7A00E27350 /* ColorPickerVC.swift */; };
		D242DFBA2A1DD9DF00E27350 /* DotIndicator.swift in Sources */ = {isa = PBXBuildFile; fileRef = D242DFB92A1DD9DF00E27350 /* DotIndicator.swift */; };
		D25A0DBF2A1E927B00B71EF6 /* OptionsManager.swift in Sources */ = {isa = PBXBuildFile; fileRef = D25A0DBE2A1E927B00B71EF6 /* OptionsManager.swift */; };
		D2A115F22A1EFE8A00BD85B5 /* Constants.swift in Sources */ = {isa = PBXBuildFile; fileRef = D2A115F12A1EFE8A00BD85B5 /* Constants.swift */; };
		D2A115F52A1FE29200BD85B5 /* PaletteExporter.swift in Sources */ = {isa = PBXBuildFile; fileRef = D2A115F42A1FE29200BD85B5 /* PaletteExporter.swift */; };
		D2A115F72A1FF58E00BD85B5 /* PaletteDetailsVC.swift in Sources */ = {isa = PBXBuildFile; fileRef = D2A115F62A1FF58E00BD85B5 /* PaletteDetailsVC.swift */; };
		D2A115FA2A20201900BD85B5 /* PaletteTabBar.swift in Sources */ = {isa = PBXBuildFile; fileRef = D2A115F92A20201900BD85B5 /* PaletteTabBar.swift */; };
		D2A115FC2A20604400BD85B5 /* ColorCode.swift in Sources */ = {isa = PBXBuildFile; fileRef = D2A115FB2A20604400BD85B5 /* ColorCode.swift */; };
		D2A116012A2280F100BD85B5 /* HSB.swift in Sources */ = {isa = PBXBuildFile; fileRef = D2A116002A2280F100BD85B5 /* HSB.swift */; };
		D2A116032A22816800BD85B5 /* LighterOrDarker.swift in Sources */ = {isa = PBXBuildFile; fileRef = D2A116022A22816800BD85B5 /* LighterOrDarker.swift */; };
		D2A116052A22819C00BD85B5 /* GenerateRandomColor.swift in Sources */ = {isa = PBXBuildFile; fileRef = D2A116042A22819C00BD85B5 /* GenerateRandomColor.swift */; };
		D2A116072A2281C600BD85B5 /* FromHex.swift in Sources */ = {isa = PBXBuildFile; fileRef = D2A116062A2281C600BD85B5 /* FromHex.swift */; };
		D2A116092A2281EE00BD85B5 /* ToHex.swift in Sources */ = {isa = PBXBuildFile; fileRef = D2A116082A2281EE00BD85B5 /* ToHex.swift */; };
		D2A1160B2A22827F00BD85B5 /* ContrastRatio.swift in Sources */ = {isa = PBXBuildFile; fileRef = D2A1160A2A22827F00BD85B5 /* ContrastRatio.swift */; };
		D2A1160D2A22AE7F00BD85B5 /* ColorCombo.swift in Sources */ = {isa = PBXBuildFile; fileRef = D2A1160C2A22AE7F00BD85B5 /* ColorCombo.swift */; };
		D2A1160F2A22B67700BD85B5 /* ColorCombos.swift in Sources */ = {isa = PBXBuildFile; fileRef = D2A1160E2A22B67700BD85B5 /* ColorCombos.swift */; };
		D2A116112A22E6BA00BD85B5 /* CopyAlertVC.swift in Sources */ = {isa = PBXBuildFile; fileRef = D2A116102A22E6BA00BD85B5 /* CopyAlertVC.swift */; };
		D2A116152A22E71200BD85B5 /* AlertContainerView.swift in Sources */ = {isa = PBXBuildFile; fileRef = D2A116142A22E71200BD85B5 /* AlertContainerView.swift */; };
		D2A116172A22E89F00BD85B5 /* UIViewController+Ext.swift in Sources */ = {isa = PBXBuildFile; fileRef = D2A116162A22E89F00BD85B5 /* UIViewController+Ext.swift */; };
		D2B53BB62A0A1F9600B958D2 /* AppDelegate.swift in Sources */ = {isa = PBXBuildFile; fileRef = D2B53BB52A0A1F9600B958D2 /* AppDelegate.swift */; };
		D2B53BB82A0A1F9600B958D2 /* SceneDelegate.swift in Sources */ = {isa = PBXBuildFile; fileRef = D2B53BB72A0A1F9600B958D2 /* SceneDelegate.swift */; };
		D2B53BBA2A0A1F9600B958D2 /* GenerateVC.swift in Sources */ = {isa = PBXBuildFile; fileRef = D2B53BB92A0A1F9600B958D2 /* GenerateVC.swift */; };
		D2B53BBF2A0A1F9700B958D2 /* Assets.xcassets in Resources */ = {isa = PBXBuildFile; fileRef = D2B53BBE2A0A1F9700B958D2 /* Assets.xcassets */; };
		D2B53BC22A0A1F9700B958D2 /* LaunchScreen.storyboard in Resources */ = {isa = PBXBuildFile; fileRef = D2B53BC02A0A1F9700B958D2 /* LaunchScreen.storyboard */; };
		D2CBD94B2A1AB8AD00D42AA1 /* SystemColorsVC.swift in Sources */ = {isa = PBXBuildFile; fileRef = D2CBD94A2A1AB8AD00D42AA1 /* SystemColorsVC.swift */; };
		D2CBD9522A1ABAAA00D42AA1 /* PTabBarControllerViewController.swift in Sources */ = {isa = PBXBuildFile; fileRef = D2CBD9512A1ABAAA00D42AA1 /* PTabBarControllerViewController.swift */; };
		D2FF82AD2A24222F00978A62 /* SystemFontsVC.swift in Sources */ = {isa = PBXBuildFile; fileRef = D2FF82AC2A24222F00978A62 /* SystemFontsVC.swift */; };
		D2FF82B12A244E2200978A62 /* SavedVC.swift in Sources */ = {isa = PBXBuildFile; fileRef = D2FF82B02A244E2200978A62 /* SavedVC.swift */; };
		D2FF82B32A244E3000978A62 /* AIVC.swift in Sources */ = {isa = PBXBuildFile; fileRef = D2FF82B22A244E3000978A62 /* AIVC.swift */; };
		D2FF82B52A2555F700978A62 /* SavedColorPalette.swift in Sources */ = {isa = PBXBuildFile; fileRef = D2FF82B42A2555F700978A62 /* SavedColorPalette.swift */; };
		D2FF82BA2A25A4E400978A62 /* SectionLabel.swift in Sources */ = {isa = PBXBuildFile; fileRef = D2FF82B92A25A4E400978A62 /* SectionLabel.swift */; };
		D2FF82BC2A25A70800978A62 /* SeeMoreButton.swift in Sources */ = {isa = PBXBuildFile; fileRef = D2FF82BB2A25A70800978A62 /* SeeMoreButton.swift */; };
/* End PBXBuildFile section */

/* Begin PBXFileReference section */
		D20EA8392A26E62200760EB8 /* PalettePersistenceManager.swift */ = {isa = PBXFileReference; lastKnownFileType = sourcecode.swift; path = PalettePersistenceManager.swift; sourceTree = "<group>"; };
		D20EA83B2A27B55900760EB8 /* SavedPalettesVC.swift */ = {isa = PBXFileReference; lastKnownFileType = sourcecode.swift; path = SavedPalettesVC.swift; sourceTree = "<group>"; };
		D20EA83F2A283A6800760EB8 /* SavedColorsVC.swift */ = {isa = PBXFileReference; lastKnownFileType = sourcecode.swift; path = SavedColorsVC.swift; sourceTree = "<group>"; };
		D20EA8412A2845D600760EB8 /* ColorPersistenceManager.swift */ = {isa = PBXFileReference; lastKnownFileType = sourcecode.swift; path = ColorPersistenceManager.swift; sourceTree = "<group>"; };
		D20EA8472A2A899000760EB8 /* SelectState.swift */ = {isa = PBXFileReference; lastKnownFileType = sourcecode.swift; path = SelectState.swift; sourceTree = "<group>"; };
		D242DF9B2A1ADCFB00E27350 /* GenerateButton.swift */ = {isa = PBXFileReference; lastKnownFileType = sourcecode.swift; path = GenerateButton.swift; sourceTree = "<group>"; };
		D242DF9E2A1AE5C200E27350 /* RGB.swift */ = {isa = PBXFileReference; lastKnownFileType = sourcecode.swift; path = RGB.swift; sourceTree = "<group>"; };
		D242DFA22A1AF2C900E27350 /* ColorRowVC.swift */ = {isa = PBXFileReference; lastKnownFileType = sourcecode.swift; path = ColorRowVC.swift; sourceTree = "<group>"; };
		D242DFA42A1AF73600E27350 /* ColorRowLabel.swift */ = {isa = PBXFileReference; lastKnownFileType = sourcecode.swift; path = ColorRowLabel.swift; sourceTree = "<group>"; };
		D242DFA62A1AF97900E27350 /* UIView+Ext.swift */ = {isa = PBXFileReference; lastKnownFileType = sourcecode.swift; path = "UIView+Ext.swift"; sourceTree = "<group>"; };
		D242DFA82A1B23B100E27350 /* LockButton.swift */ = {isa = PBXFileReference; lastKnownFileType = sourcecode.swift; path = LockButton.swift; sourceTree = "<group>"; };
		D242DFAB2A1B311400E27350 /* Functions.swift */ = {isa = PBXFileReference; lastKnownFileType = sourcecode.swift; path = Functions.swift; sourceTree = "<group>"; };
		D242DFAF2A1C49F000E27350 /* ColorStack.swift */ = {isa = PBXFileReference; lastKnownFileType = sourcecode.swift; path = ColorStack.swift; sourceTree = "<group>"; };
		D242DFB12A1C4C8500E27350 /* StackButton.swift */ = {isa = PBXFileReference; lastKnownFileType = sourcecode.swift; path = StackButton.swift; sourceTree = "<group>"; };
		D242DFB72A1D3E7A00E27350 /* ColorPickerVC.swift */ = {isa = PBXFileReference; lastKnownFileType = sourcecode.swift; path = ColorPickerVC.swift; sourceTree = "<group>"; };
		D242DFB92A1DD9DF00E27350 /* DotIndicator.swift */ = {isa = PBXFileReference; lastKnownFileType = sourcecode.swift; path = DotIndicator.swift; sourceTree = "<group>"; };
		D25A0DBE2A1E927B00B71EF6 /* OptionsManager.swift */ = {isa = PBXFileReference; lastKnownFileType = sourcecode.swift; path = OptionsManager.swift; sourceTree = "<group>"; };
		D2A115F12A1EFE8A00BD85B5 /* Constants.swift */ = {isa = PBXFileReference; lastKnownFileType = sourcecode.swift; path = Constants.swift; sourceTree = "<group>"; };
		D2A115F42A1FE29200BD85B5 /* PaletteExporter.swift */ = {isa = PBXFileReference; lastKnownFileType = sourcecode.swift; path = PaletteExporter.swift; sourceTree = "<group>"; };
		D2A115F62A1FF58E00BD85B5 /* PaletteDetailsVC.swift */ = {isa = PBXFileReference; lastKnownFileType = sourcecode.swift; path = PaletteDetailsVC.swift; sourceTree = "<group>"; };
		D2A115F92A20201900BD85B5 /* PaletteTabBar.swift */ = {isa = PBXFileReference; lastKnownFileType = sourcecode.swift; path = PaletteTabBar.swift; sourceTree = "<group>"; };
		D2A115FB2A20604400BD85B5 /* ColorCode.swift */ = {isa = PBXFileReference; lastKnownFileType = sourcecode.swift; path = ColorCode.swift; sourceTree = "<group>"; };
		D2A116002A2280F100BD85B5 /* HSB.swift */ = {isa = PBXFileReference; lastKnownFileType = sourcecode.swift; path = HSB.swift; sourceTree = "<group>"; };
		D2A116022A22816800BD85B5 /* LighterOrDarker.swift */ = {isa = PBXFileReference; lastKnownFileType = sourcecode.swift; path = LighterOrDarker.swift; sourceTree = "<group>"; };
		D2A116042A22819C00BD85B5 /* GenerateRandomColor.swift */ = {isa = PBXFileReference; lastKnownFileType = sourcecode.swift; path = GenerateRandomColor.swift; sourceTree = "<group>"; };
		D2A116062A2281C600BD85B5 /* FromHex.swift */ = {isa = PBXFileReference; lastKnownFileType = sourcecode.swift; path = FromHex.swift; sourceTree = "<group>"; };
		D2A116082A2281EE00BD85B5 /* ToHex.swift */ = {isa = PBXFileReference; lastKnownFileType = sourcecode.swift; path = ToHex.swift; sourceTree = "<group>"; };
		D2A1160A2A22827F00BD85B5 /* ContrastRatio.swift */ = {isa = PBXFileReference; lastKnownFileType = sourcecode.swift; path = ContrastRatio.swift; sourceTree = "<group>"; };
		D2A1160C2A22AE7F00BD85B5 /* ColorCombo.swift */ = {isa = PBXFileReference; lastKnownFileType = sourcecode.swift; path = ColorCombo.swift; sourceTree = "<group>"; };
		D2A1160E2A22B67700BD85B5 /* ColorCombos.swift */ = {isa = PBXFileReference; lastKnownFileType = sourcecode.swift; path = ColorCombos.swift; sourceTree = "<group>"; };
		D2A116102A22E6BA00BD85B5 /* CopyAlertVC.swift */ = {isa = PBXFileReference; lastKnownFileType = sourcecode.swift; path = CopyAlertVC.swift; sourceTree = "<group>"; };
		D2A116142A22E71200BD85B5 /* AlertContainerView.swift */ = {isa = PBXFileReference; lastKnownFileType = sourcecode.swift; path = AlertContainerView.swift; sourceTree = "<group>"; };
		D2A116162A22E89F00BD85B5 /* UIViewController+Ext.swift */ = {isa = PBXFileReference; lastKnownFileType = sourcecode.swift; path = "UIViewController+Ext.swift"; sourceTree = "<group>"; };
		D2B53BB22A0A1F9600B958D2 /* PalettePro.app */ = {isa = PBXFileReference; explicitFileType = wrapper.application; includeInIndex = 0; path = PalettePro.app; sourceTree = BUILT_PRODUCTS_DIR; };
		D2B53BB52A0A1F9600B958D2 /* AppDelegate.swift */ = {isa = PBXFileReference; lastKnownFileType = sourcecode.swift; path = AppDelegate.swift; sourceTree = "<group>"; };
		D2B53BB72A0A1F9600B958D2 /* SceneDelegate.swift */ = {isa = PBXFileReference; lastKnownFileType = sourcecode.swift; path = SceneDelegate.swift; sourceTree = "<group>"; };
		D2B53BB92A0A1F9600B958D2 /* GenerateVC.swift */ = {isa = PBXFileReference; lastKnownFileType = sourcecode.swift; path = GenerateVC.swift; sourceTree = "<group>"; };
		D2B53BBE2A0A1F9700B958D2 /* Assets.xcassets */ = {isa = PBXFileReference; lastKnownFileType = folder.assetcatalog; path = Assets.xcassets; sourceTree = "<group>"; };
		D2B53BC12A0A1F9700B958D2 /* Base */ = {isa = PBXFileReference; lastKnownFileType = file.storyboard; name = Base; path = Base.lproj/LaunchScreen.storyboard; sourceTree = "<group>"; };
		D2B53BC32A0A1F9700B958D2 /* Info.plist */ = {isa = PBXFileReference; lastKnownFileType = text.plist.xml; path = Info.plist; sourceTree = "<group>"; };
		D2CBD94A2A1AB8AD00D42AA1 /* SystemColorsVC.swift */ = {isa = PBXFileReference; lastKnownFileType = sourcecode.swift; path = SystemColorsVC.swift; sourceTree = "<group>"; };
		D2CBD9512A1ABAAA00D42AA1 /* PTabBarControllerViewController.swift */ = {isa = PBXFileReference; lastKnownFileType = sourcecode.swift; path = PTabBarControllerViewController.swift; sourceTree = "<group>"; };
		D2FF82AC2A24222F00978A62 /* SystemFontsVC.swift */ = {isa = PBXFileReference; lastKnownFileType = sourcecode.swift; path = SystemFontsVC.swift; sourceTree = "<group>"; };
		D2FF82B02A244E2200978A62 /* SavedVC.swift */ = {isa = PBXFileReference; lastKnownFileType = sourcecode.swift; path = SavedVC.swift; sourceTree = "<group>"; };
		D2FF82B22A244E3000978A62 /* AIVC.swift */ = {isa = PBXFileReference; lastKnownFileType = sourcecode.swift; path = AIVC.swift; sourceTree = "<group>"; };
		D2FF82B42A2555F700978A62 /* SavedColorPalette.swift */ = {isa = PBXFileReference; lastKnownFileType = sourcecode.swift; path = SavedColorPalette.swift; sourceTree = "<group>"; };
		D2FF82B92A25A4E400978A62 /* SectionLabel.swift */ = {isa = PBXFileReference; lastKnownFileType = sourcecode.swift; path = SectionLabel.swift; sourceTree = "<group>"; };
		D2FF82BB2A25A70800978A62 /* SeeMoreButton.swift */ = {isa = PBXFileReference; lastKnownFileType = sourcecode.swift; path = SeeMoreButton.swift; sourceTree = "<group>"; };
/* End PBXFileReference section */

/* Begin PBXFrameworksBuildPhase section */
		D2B53BAF2A0A1F9600B958D2 /* Frameworks */ = {
			isa = PBXFrameworksBuildPhase;
			buildActionMask = 2147483647;
			files = (
			);
			runOnlyForDeploymentPostprocessing = 0;
		};
/* End PBXFrameworksBuildPhase section */

/* Begin PBXGroup section */
		D20EA8382A26E60D00760EB8 /* Managers */ = {
			isa = PBXGroup;
			children = (
				D20EA8392A26E62200760EB8 /* PalettePersistenceManager.swift */,
				D20EA8412A2845D600760EB8 /* ColorPersistenceManager.swift */,
				D25A0DBE2A1E927B00B71EF6 /* OptionsManager.swift */,
			);
			path = Managers;
			sourceTree = "<group>";
		};
		D242DFAA2A1B310100E27350 /* Utilities */ = {
			isa = PBXGroup;
			children = (
				D242DFAB2A1B311400E27350 /* Functions.swift */,
				D242DFAF2A1C49F000E27350 /* ColorStack.swift */,
				D2A115F42A1FE29200BD85B5 /* PaletteExporter.swift */,
				D20EA8472A2A899000760EB8 /* SelectState.swift */,
			);
			path = Utilities;
			sourceTree = "<group>";
		};
		D2A115F32A1FE28100BD85B5 /* ViewControllers */ = {
			isa = PBXGroup;
			children = (
				D242DFA22A1AF2C900E27350 /* ColorRowVC.swift */,
				D2A115F62A1FF58E00BD85B5 /* PaletteDetailsVC.swift */,
				D2A116102A22E6BA00BD85B5 /* CopyAlertVC.swift */,
				D20EA83B2A27B55900760EB8 /* SavedPalettesVC.swift */,
				D20EA83F2A283A6800760EB8 /* SavedColorsVC.swift */,
				D242DFB72A1D3E7A00E27350 /* ColorPickerVC.swift */,
			);
			path = ViewControllers;
			sourceTree = "<group>";
		};
		D2A115F82A201FFC00BD85B5 /* Views */ = {
			isa = PBXGroup;
			children = (
				D2A116142A22E71200BD85B5 /* AlertContainerView.swift */,
				D2A115F92A20201900BD85B5 /* PaletteTabBar.swift */,
				D2A1160C2A22AE7F00BD85B5 /* ColorCombo.swift */,
				D2FF82B42A2555F700978A62 /* SavedColorPalette.swift */,
				D242DFB92A1DD9DF00E27350 /* DotIndicator.swift */,
			);
			path = Views;
			sourceTree = "<group>";
		};
		D2A115FD2A2280A900BD85B5 /* UIColor+Ext */ = {
			isa = PBXGroup;
			children = (
				D242DF9E2A1AE5C200E27350 /* RGB.swift */,
				D2A116082A2281EE00BD85B5 /* ToHex.swift */,
				D2A116062A2281C600BD85B5 /* FromHex.swift */,
				D2A116022A22816800BD85B5 /* LighterOrDarker.swift */,
				D2A116002A2280F100BD85B5 /* HSB.swift */,
				D2A116042A22819C00BD85B5 /* GenerateRandomColor.swift */,
				D2A1160A2A22827F00BD85B5 /* ContrastRatio.swift */,
				D2A1160E2A22B67700BD85B5 /* ColorCombos.swift */,
			);
			path = "UIColor+Ext";
			sourceTree = "<group>";
		};
		D2B53BA92A0A1F9600B958D2 = {
			isa = PBXGroup;
			children = (
				D2B53BB42A0A1F9600B958D2 /* PalettePro */,
				D2B53BB32A0A1F9600B958D2 /* Products */,
			);
			sourceTree = "<group>";
		};
		D2B53BB32A0A1F9600B958D2 /* Products */ = {
			isa = PBXGroup;
			children = (
				D2B53BB22A0A1F9600B958D2 /* PalettePro.app */,
			);
			name = Products;
			sourceTree = "<group>";
		};
		D2B53BB42A0A1F9600B958D2 /* PalettePro */ = {
			isa = PBXGroup;
			children = (
				D20EA8382A26E60D00760EB8 /* Managers */,
				D2FF82B82A25A42100978A62 /* Buttons */,
				D2FF82B72A25A41B00978A62 /* Labels */,
				D2A115F32A1FE28100BD85B5 /* ViewControllers */,
				D2A115F82A201FFC00BD85B5 /* Views */,
				D242DFAA2A1B310100E27350 /* Utilities */,
				D2CBD94E2A1ABA4600D42AA1 /* Constants */,
				D2CBD94D2A1ABA3D00D42AA1 /* Extensions */,
				D2CBD9502A1ABA8400D42AA1 /* TabBarControllers */,
				D2CBD9492A1AB72B00D42AA1 /* Support */,
				D2CBD9482A1AB71F00D42AA1 /* Screens */,
				D2B53BBE2A0A1F9700B958D2 /* Assets.xcassets */,
				D2B53BC02A0A1F9700B958D2 /* LaunchScreen.storyboard */,
				D2B53BC32A0A1F9700B958D2 /* Info.plist */,
			);
			path = PalettePro;
			sourceTree = "<group>";
		};
		D2CBD9482A1AB71F00D42AA1 /* Screens */ = {
			isa = PBXGroup;
			children = (
				D2CBD94A2A1AB8AD00D42AA1 /* SystemColorsVC.swift */,
				D2FF82AC2A24222F00978A62 /* SystemFontsVC.swift */,
				D2B53BB92A0A1F9600B958D2 /* GenerateVC.swift */,
				D2FF82B02A244E2200978A62 /* SavedVC.swift */,
				D2FF82B22A244E3000978A62 /* AIVC.swift */,
			);
			path = Screens;
			sourceTree = "<group>";
		};
		D2CBD9492A1AB72B00D42AA1 /* Support */ = {
			isa = PBXGroup;
			children = (
				D2B53BB52A0A1F9600B958D2 /* AppDelegate.swift */,
				D2B53BB72A0A1F9600B958D2 /* SceneDelegate.swift */,
			);
			path = Support;
			sourceTree = "<group>";
		};
		D2CBD94D2A1ABA3D00D42AA1 /* Extensions */ = {
			isa = PBXGroup;
			children = (
				D242DFA62A1AF97900E27350 /* UIView+Ext.swift */,
				D2A116162A22E89F00BD85B5 /* UIViewController+Ext.swift */,
				D2A115FD2A2280A900BD85B5 /* UIColor+Ext */,
			);
			path = Extensions;
			sourceTree = "<group>";
		};
		D2CBD94E2A1ABA4600D42AA1 /* Constants */ = {
			isa = PBXGroup;
			children = (
				D2A115F12A1EFE8A00BD85B5 /* Constants.swift */,
			);
			path = Constants;
			sourceTree = "<group>";
		};
		D2CBD9502A1ABA8400D42AA1 /* TabBarControllers */ = {
			isa = PBXGroup;
			children = (
				D2CBD9512A1ABAAA00D42AA1 /* PTabBarControllerViewController.swift */,
			);
			path = TabBarControllers;
			sourceTree = "<group>";
		};
		D2FF82B72A25A41B00978A62 /* Labels */ = {
			isa = PBXGroup;
			children = (
				D242DFA42A1AF73600E27350 /* ColorRowLabel.swift */,
				D2FF82B92A25A4E400978A62 /* SectionLabel.swift */,
			);
			path = Labels;
			sourceTree = "<group>";
		};
		D2FF82B82A25A42100978A62 /* Buttons */ = {
			isa = PBXGroup;
			children = (
				D242DF9B2A1ADCFB00E27350 /* GenerateButton.swift */,
				D2A115FB2A20604400BD85B5 /* ColorCode.swift */,
				D242DFB12A1C4C8500E27350 /* StackButton.swift */,
				D242DFA82A1B23B100E27350 /* LockButton.swift */,
				D2FF82BB2A25A70800978A62 /* SeeMoreButton.swift */,
			);
			path = Buttons;
			sourceTree = "<group>";
		};
/* End PBXGroup section */

/* Begin PBXNativeTarget section */
		D2B53BB12A0A1F9600B958D2 /* PalettePro */ = {
			isa = PBXNativeTarget;
			buildConfigurationList = D2B53BC62A0A1F9700B958D2 /* Build configuration list for PBXNativeTarget "PalettePro" */;
			buildPhases = (
				D2B53BAE2A0A1F9600B958D2 /* Sources */,
				D2B53BAF2A0A1F9600B958D2 /* Frameworks */,
				D2B53BB02A0A1F9600B958D2 /* Resources */,
			);
			buildRules = (
			);
			dependencies = (
			);
			name = PalettePro;
			productName = PalettePro;
			productReference = D2B53BB22A0A1F9600B958D2 /* PalettePro.app */;
			productType = "com.apple.product-type.application";
		};
/* End PBXNativeTarget section */

/* Begin PBXProject section */
		D2B53BAA2A0A1F9600B958D2 /* Project object */ = {
			isa = PBXProject;
			attributes = {
				BuildIndependentTargetsInParallel = 1;
				LastSwiftUpdateCheck = 1430;
				LastUpgradeCheck = 1430;
				TargetAttributes = {
					D2B53BB12A0A1F9600B958D2 = {
						CreatedOnToolsVersion = 14.3;
					};
				};
			};
			buildConfigurationList = D2B53BAD2A0A1F9600B958D2 /* Build configuration list for PBXProject "PalettePro" */;
			compatibilityVersion = "Xcode 14.0";
			developmentRegion = en;
			hasScannedForEncodings = 0;
			knownRegions = (
				en,
				Base,
			);
			mainGroup = D2B53BA92A0A1F9600B958D2;
			productRefGroup = D2B53BB32A0A1F9600B958D2 /* Products */;
			projectDirPath = "";
			projectRoot = "";
			targets = (
				D2B53BB12A0A1F9600B958D2 /* PalettePro */,
			);
		};
/* End PBXProject section */

/* Begin PBXResourcesBuildPhase section */
		D2B53BB02A0A1F9600B958D2 /* Resources */ = {
			isa = PBXResourcesBuildPhase;
			buildActionMask = 2147483647;
			files = (
				D2B53BC22A0A1F9700B958D2 /* LaunchScreen.storyboard in Resources */,
				D2B53BBF2A0A1F9700B958D2 /* Assets.xcassets in Resources */,
			);
			runOnlyForDeploymentPostprocessing = 0;
		};
/* End PBXResourcesBuildPhase section */

/* Begin PBXSourcesBuildPhase section */
		D2B53BAE2A0A1F9600B958D2 /* Sources */ = {
			isa = PBXSourcesBuildPhase;
			buildActionMask = 2147483647;
			files = (
				D2A115FC2A20604400BD85B5 /* ColorCode.swift in Sources */,
				D2A1160D2A22AE7F00BD85B5 /* ColorCombo.swift in Sources */,
				D242DFA72A1AF97900E27350 /* UIView+Ext.swift in Sources */,
				D2A116112A22E6BA00BD85B5 /* CopyAlertVC.swift in Sources */,
				D2FF82B32A244E3000978A62 /* AIVC.swift in Sources */,
				D2A116092A2281EE00BD85B5 /* ToHex.swift in Sources */,
				D2A116012A2280F100BD85B5 /* HSB.swift in Sources */,
				D2A115F72A1FF58E00BD85B5 /* PaletteDetailsVC.swift in Sources */,
				D2A116072A2281C600BD85B5 /* FromHex.swift in Sources */,
				D2FF82BC2A25A70800978A62 /* SeeMoreButton.swift in Sources */,
				D242DFBA2A1DD9DF00E27350 /* DotIndicator.swift in Sources */,
				D20EA83A2A26E62200760EB8 /* PalettePersistenceManager.swift in Sources */,
				D2FF82B52A2555F700978A62 /* SavedColorPalette.swift in Sources */,
				D2A1160F2A22B67700BD85B5 /* ColorCombos.swift in Sources */,
				D242DFB02A1C49F000E27350 /* ColorStack.swift in Sources */,
				D2FF82AD2A24222F00978A62 /* SystemFontsVC.swift in Sources */,
				D20EA8402A283A6800760EB8 /* SavedColorsVC.swift in Sources */,
				D242DFA32A1AF2C900E27350 /* ColorRowVC.swift in Sources */,
				D2A116032A22816800BD85B5 /* LighterOrDarker.swift in Sources */,
				D242DFA92A1B23B100E27350 /* LockButton.swift in Sources */,
				D2A116172A22E89F00BD85B5 /* UIViewController+Ext.swift in Sources */,
				D20EA8482A2A899000760EB8 /* SelectState.swift in Sources */,
				D2A116052A22819C00BD85B5 /* GenerateRandomColor.swift in Sources */,
				D2CBD9522A1ABAAA00D42AA1 /* PTabBarControllerViewController.swift in Sources */,
				D20EA8422A2845D600760EB8 /* ColorPersistenceManager.swift in Sources */,
				D2B53BBA2A0A1F9600B958D2 /* GenerateVC.swift in Sources */,
				D242DFA52A1AF73600E27350 /* ColorRowLabel.swift in Sources */,
				D2B53BB62A0A1F9600B958D2 /* AppDelegate.swift in Sources */,
				D242DFB82A1D3E7A00E27350 /* ColorPickerVC.swift in Sources */,
				D2FF82BA2A25A4E400978A62 /* SectionLabel.swift in Sources */,
				D242DFB22A1C4C8500E27350 /* StackButton.swift in Sources */,
				D25A0DBF2A1E927B00B71EF6 /* OptionsManager.swift in Sources */,
				D242DF9C2A1ADCFB00E27350 /* GenerateButton.swift in Sources */,
				D2FF82B12A244E2200978A62 /* SavedVC.swift in Sources */,
				D2A116152A22E71200BD85B5 /* AlertContainerView.swift in Sources */,
				D242DF9F2A1AE5C200E27350 /* RGB.swift in Sources */,
				D2A1160B2A22827F00BD85B5 /* ContrastRatio.swift in Sources */,
				D2B53BB82A0A1F9600B958D2 /* SceneDelegate.swift in Sources */,
				D2CBD94B2A1AB8AD00D42AA1 /* SystemColorsVC.swift in Sources */,
				D20EA83C2A27B55900760EB8 /* SavedPalettesVC.swift in Sources */,
				D242DFAC2A1B311400E27350 /* Functions.swift in Sources */,
				D2A115F22A1EFE8A00BD85B5 /* Constants.swift in Sources */,
				D2A115FA2A20201900BD85B5 /* PaletteTabBar.swift in Sources */,
				D2A115F52A1FE29200BD85B5 /* PaletteExporter.swift in Sources */,
			);
			runOnlyForDeploymentPostprocessing = 0;
		};
/* End PBXSourcesBuildPhase section */

/* Begin PBXVariantGroup section */
		D2B53BC02A0A1F9700B958D2 /* LaunchScreen.storyboard */ = {
			isa = PBXVariantGroup;
			children = (
				D2B53BC12A0A1F9700B958D2 /* Base */,
			);
			name = LaunchScreen.storyboard;
			sourceTree = "<group>";
		};
/* End PBXVariantGroup section */

/* Begin XCBuildConfiguration section */
		D2B53BC42A0A1F9700B958D2 /* Debug */ = {
			isa = XCBuildConfiguration;
			buildSettings = {
				ALWAYS_SEARCH_USER_PATHS = NO;
				CLANG_ANALYZER_NONNULL = YES;
				CLANG_ANALYZER_NUMBER_OBJECT_CONVERSION = YES_AGGRESSIVE;
				CLANG_CXX_LANGUAGE_STANDARD = "gnu++20";
				CLANG_ENABLE_MODULES = YES;
				CLANG_ENABLE_OBJC_ARC = YES;
				CLANG_ENABLE_OBJC_WEAK = YES;
				CLANG_WARN_BLOCK_CAPTURE_AUTORELEASING = YES;
				CLANG_WARN_BOOL_CONVERSION = YES;
				CLANG_WARN_COMMA = YES;
				CLANG_WARN_CONSTANT_CONVERSION = YES;
				CLANG_WARN_DEPRECATED_OBJC_IMPLEMENTATIONS = YES;
				CLANG_WARN_DIRECT_OBJC_ISA_USAGE = YES_ERROR;
				CLANG_WARN_DOCUMENTATION_COMMENTS = YES;
				CLANG_WARN_EMPTY_BODY = YES;
				CLANG_WARN_ENUM_CONVERSION = YES;
				CLANG_WARN_INFINITE_RECURSION = YES;
				CLANG_WARN_INT_CONVERSION = YES;
				CLANG_WARN_NON_LITERAL_NULL_CONVERSION = YES;
				CLANG_WARN_OBJC_IMPLICIT_RETAIN_SELF = YES;
				CLANG_WARN_OBJC_LITERAL_CONVERSION = YES;
				CLANG_WARN_OBJC_ROOT_CLASS = YES_ERROR;
				CLANG_WARN_QUOTED_INCLUDE_IN_FRAMEWORK_HEADER = YES;
				CLANG_WARN_RANGE_LOOP_ANALYSIS = YES;
				CLANG_WARN_STRICT_PROTOTYPES = YES;
				CLANG_WARN_SUSPICIOUS_MOVE = YES;
				CLANG_WARN_UNGUARDED_AVAILABILITY = YES_AGGRESSIVE;
				CLANG_WARN_UNREACHABLE_CODE = YES;
				CLANG_WARN__DUPLICATE_METHOD_MATCH = YES;
				COPY_PHASE_STRIP = NO;
				DEBUG_INFORMATION_FORMAT = dwarf;
				ENABLE_STRICT_OBJC_MSGSEND = YES;
				ENABLE_TESTABILITY = YES;
				GCC_C_LANGUAGE_STANDARD = gnu11;
				GCC_DYNAMIC_NO_PIC = NO;
				GCC_NO_COMMON_BLOCKS = YES;
				GCC_OPTIMIZATION_LEVEL = 0;
				GCC_PREPROCESSOR_DEFINITIONS = (
					"DEBUG=1",
					"$(inherited)",
				);
				GCC_WARN_64_TO_32_BIT_CONVERSION = YES;
				GCC_WARN_ABOUT_RETURN_TYPE = YES_ERROR;
				GCC_WARN_UNDECLARED_SELECTOR = YES;
				GCC_WARN_UNINITIALIZED_AUTOS = YES_AGGRESSIVE;
				GCC_WARN_UNUSED_FUNCTION = YES;
				GCC_WARN_UNUSED_VARIABLE = YES;
				IPHONEOS_DEPLOYMENT_TARGET = 16.4;
				MTL_ENABLE_DEBUG_INFO = INCLUDE_SOURCE;
				MTL_FAST_MATH = YES;
				ONLY_ACTIVE_ARCH = YES;
				SDKROOT = iphoneos;
				SWIFT_ACTIVE_COMPILATION_CONDITIONS = DEBUG;
				SWIFT_OPTIMIZATION_LEVEL = "-Onone";
			};
			name = Debug;
		};
		D2B53BC52A0A1F9700B958D2 /* Release */ = {
			isa = XCBuildConfiguration;
			buildSettings = {
				ALWAYS_SEARCH_USER_PATHS = NO;
				CLANG_ANALYZER_NONNULL = YES;
				CLANG_ANALYZER_NUMBER_OBJECT_CONVERSION = YES_AGGRESSIVE;
				CLANG_CXX_LANGUAGE_STANDARD = "gnu++20";
				CLANG_ENABLE_MODULES = YES;
				CLANG_ENABLE_OBJC_ARC = YES;
				CLANG_ENABLE_OBJC_WEAK = YES;
				CLANG_WARN_BLOCK_CAPTURE_AUTORELEASING = YES;
				CLANG_WARN_BOOL_CONVERSION = YES;
				CLANG_WARN_COMMA = YES;
				CLANG_WARN_CONSTANT_CONVERSION = YES;
				CLANG_WARN_DEPRECATED_OBJC_IMPLEMENTATIONS = YES;
				CLANG_WARN_DIRECT_OBJC_ISA_USAGE = YES_ERROR;
				CLANG_WARN_DOCUMENTATION_COMMENTS = YES;
				CLANG_WARN_EMPTY_BODY = YES;
				CLANG_WARN_ENUM_CONVERSION = YES;
				CLANG_WARN_INFINITE_RECURSION = YES;
				CLANG_WARN_INT_CONVERSION = YES;
				CLANG_WARN_NON_LITERAL_NULL_CONVERSION = YES;
				CLANG_WARN_OBJC_IMPLICIT_RETAIN_SELF = YES;
				CLANG_WARN_OBJC_LITERAL_CONVERSION = YES;
				CLANG_WARN_OBJC_ROOT_CLASS = YES_ERROR;
				CLANG_WARN_QUOTED_INCLUDE_IN_FRAMEWORK_HEADER = YES;
				CLANG_WARN_RANGE_LOOP_ANALYSIS = YES;
				CLANG_WARN_STRICT_PROTOTYPES = YES;
				CLANG_WARN_SUSPICIOUS_MOVE = YES;
				CLANG_WARN_UNGUARDED_AVAILABILITY = YES_AGGRESSIVE;
				CLANG_WARN_UNREACHABLE_CODE = YES;
				CLANG_WARN__DUPLICATE_METHOD_MATCH = YES;
				COPY_PHASE_STRIP = NO;
				DEBUG_INFORMATION_FORMAT = "dwarf-with-dsym";
				ENABLE_NS_ASSERTIONS = NO;
				ENABLE_STRICT_OBJC_MSGSEND = YES;
				GCC_C_LANGUAGE_STANDARD = gnu11;
				GCC_NO_COMMON_BLOCKS = YES;
				GCC_WARN_64_TO_32_BIT_CONVERSION = YES;
				GCC_WARN_ABOUT_RETURN_TYPE = YES_ERROR;
				GCC_WARN_UNDECLARED_SELECTOR = YES;
				GCC_WARN_UNINITIALIZED_AUTOS = YES_AGGRESSIVE;
				GCC_WARN_UNUSED_FUNCTION = YES;
				GCC_WARN_UNUSED_VARIABLE = YES;
				IPHONEOS_DEPLOYMENT_TARGET = 16.4;
				MTL_ENABLE_DEBUG_INFO = NO;
				MTL_FAST_MATH = YES;
				SDKROOT = iphoneos;
				SWIFT_COMPILATION_MODE = wholemodule;
				SWIFT_OPTIMIZATION_LEVEL = "-O";
				VALIDATE_PRODUCT = YES;
			};
			name = Release;
		};
		D2B53BC72A0A1F9700B958D2 /* Debug */ = {
			isa = XCBuildConfiguration;
			buildSettings = {
				ASSETCATALOG_COMPILER_APPICON_NAME = AppIcon;
				ASSETCATALOG_COMPILER_GLOBAL_ACCENT_COLOR_NAME = AccentColor;
				CODE_SIGN_STYLE = Automatic;
				CURRENT_PROJECT_VERSION = 1;
				DEVELOPMENT_TEAM = 5K34VB7KMZ;
				GENERATE_INFOPLIST_FILE = YES;
				INFOPLIST_FILE = PalettePro/Info.plist;
				INFOPLIST_KEY_CFBundleDisplayName = PalettePro;
				INFOPLIST_KEY_LSApplicationCategoryType = "public.app-category.utilities";
				INFOPLIST_KEY_UIApplicationSupportsIndirectInputEvents = YES;
				INFOPLIST_KEY_UILaunchStoryboardName = LaunchScreen;
				INFOPLIST_KEY_UIStatusBarStyle = "";
				INFOPLIST_KEY_UISupportedInterfaceOrientations = UIInterfaceOrientationPortrait;
				INFOPLIST_KEY_UISupportedInterfaceOrientations_iPad = "UIInterfaceOrientationLandscapeLeft UIInterfaceOrientationLandscapeRight UIInterfaceOrientationPortrait UIInterfaceOrientationPortraitUpsideDown";
				LD_RUNPATH_SEARCH_PATHS = (
					"$(inherited)",
					"@executable_path/Frameworks",
				);
				MARKETING_VERSION = 1.0;
				PRODUCT_BUNDLE_IDENTIFIER = com.app.PalettePro;
				PRODUCT_NAME = "$(TARGET_NAME)";
				SUPPORTED_PLATFORMS = "iphoneos iphonesimulator";
				SUPPORTS_MACCATALYST = NO;
				SUPPORTS_MAC_DESIGNED_FOR_IPHONE_IPAD = NO;
				SWIFT_EMIT_LOC_STRINGS = YES;
				SWIFT_VERSION = 5.0;
				TARGETED_DEVICE_FAMILY = 1;
			};
			name = Debug;
		};
		D2B53BC82A0A1F9700B958D2 /* Release */ = {
			isa = XCBuildConfiguration;
			buildSettings = {
				ASSETCATALOG_COMPILER_APPICON_NAME = AppIcon;
				ASSETCATALOG_COMPILER_GLOBAL_ACCENT_COLOR_NAME = AccentColor;
				CODE_SIGN_STYLE = Automatic;
				CURRENT_PROJECT_VERSION = 1;
				DEVELOPMENT_TEAM = 5K34VB7KMZ;
				GENERATE_INFOPLIST_FILE = YES;
				INFOPLIST_FILE = PalettePro/Info.plist;
				INFOPLIST_KEY_CFBundleDisplayName = PalettePro;
				INFOPLIST_KEY_LSApplicationCategoryType = "public.app-category.utilities";
				INFOPLIST_KEY_UIApplicationSupportsIndirectInputEvents = YES;
				INFOPLIST_KEY_UILaunchStoryboardName = LaunchScreen;
				INFOPLIST_KEY_UIStatusBarStyle = "";
				INFOPLIST_KEY_UISupportedInterfaceOrientations = UIInterfaceOrientationPortrait;
				INFOPLIST_KEY_UISupportedInterfaceOrientations_iPad = "UIInterfaceOrientationLandscapeLeft UIInterfaceOrientationLandscapeRight UIInterfaceOrientationPortrait UIInterfaceOrientationPortraitUpsideDown";
				LD_RUNPATH_SEARCH_PATHS = (
					"$(inherited)",
					"@executable_path/Frameworks",
				);
				MARKETING_VERSION = 1.0;
				PRODUCT_BUNDLE_IDENTIFIER = com.app.PalettePro;
				PRODUCT_NAME = "$(TARGET_NAME)";
				SUPPORTED_PLATFORMS = "iphoneos iphonesimulator";
				SUPPORTS_MACCATALYST = NO;
				SUPPORTS_MAC_DESIGNED_FOR_IPHONE_IPAD = NO;
				SWIFT_EMIT_LOC_STRINGS = YES;
				SWIFT_VERSION = 5.0;
				TARGETED_DEVICE_FAMILY = 1;
			};
			name = Release;
		};
/* End XCBuildConfiguration section */

/* Begin XCConfigurationList section */
		D2B53BAD2A0A1F9600B958D2 /* Build configuration list for PBXProject "PalettePro" */ = {
			isa = XCConfigurationList;
			buildConfigurations = (
				D2B53BC42A0A1F9700B958D2 /* Debug */,
				D2B53BC52A0A1F9700B958D2 /* Release */,
			);
			defaultConfigurationIsVisible = 0;
			defaultConfigurationName = Release;
		};
		D2B53BC62A0A1F9700B958D2 /* Build configuration list for PBXNativeTarget "PalettePro" */ = {
			isa = XCConfigurationList;
			buildConfigurations = (
				D2B53BC72A0A1F9700B958D2 /* Debug */,
				D2B53BC82A0A1F9700B958D2 /* Release */,
			);
			defaultConfigurationIsVisible = 0;
			defaultConfigurationName = Release;
		};
/* End XCConfigurationList section */
	};
	rootObject = D2B53BAA2A0A1F9600B958D2 /* Project object */;
}
